
Microsoft Visual Studio Solution File, Format Version 12.00
# Visual Studio Version 17
VisualStudioVersion = 17.12.35707.178
MinimumVisualStudioVersion = 10.0.40219.1
Project("{FAE04EC0-301F-11D3-BF4B-00C04F79EFBC}") = "WebAPIEF", "WebAPIEF\WebAPIEF.csproj", "{22D8B836-F214-4491-B405-0D4BBAFD132C}"
EndProject
Project("{FAE04EC0-301F-11D3-BF4B-00C04F79EFBC}") = "WebAppUI", "WebAppUI\WebAppUI.csproj", "{7505C28B-A1C7-41E2-8A4C-26459E242FDC}"
EndProject
Project("{FAE04EC0-301F-11D3-BF4B-00C04F79EFBC}") = "LoanWebApp", "LoanWebApp\LoanWebApp.csproj", "{F8F8DA70-59F7-434F-9C4D-03A31EBE16FB}"
EndProject
Project("{FAE04EC0-301F-11D3-BF4B-00C04F79EFBC}") = "LoanWebApi", "LoanWebApi\LoanWebApi.csproj", "{46FB83FF-68CB-4880-B3AD-814075E0BCFD}"
EndProject
Project("{FAE04EC0-301F-11D3-BF4B-00C04F79EFBC}") = "EventDelegateLoggerWebApp", "EventDelegateLoggerWebApp\EventDelegateLoggerWebApp.csproj", "{5A2DF15F-4D8A-4193-BB5E-633B1C0772FB}"
EndProject
Project("{FAE04EC0-301F-11D3-BF4B-00C04F79EFBC}") = "StudentResultWebApi", "StudentResultWebApi\StudentResultWebApi.csproj", "{AC96ADD6-BBBD-4E31-84C2-3260C8BD1534}"
EndProject
Project("{FAE04EC0-301F-11D3-BF4B-00C04F79EFBC}") = "StudentResultWebApp", "StudentResultWebApp\StudentResultWebApp.csproj", "{73044E79-C1C4-4B71-B03F-9DD031469753}"
EndProject
Project("{FAE04EC0-301F-11D3-BF4B-00C04F79EFBC}") = "EmpDeptCalApp", "EmpDeptCalApp\EmpDeptCalApp.csproj", "{D5A85BEB-6A52-445D-986F-0937BC7E43AA}"
EndProject
Project("{FAE04EC0-301F-11D3-BF4B-00C04F79EFBC}") = "EmpDeptCalApi", "EmpDeptCalApi\EmpDeptCalApi.csproj", "{692CF8FF-299C-4BBD-AE25-2B877460ED13}"
EndProject
Global
	GlobalSection(SolutionConfigurationPlatforms) = preSolution
		Debug|Any CPU = Debug|Any CPU
		Release|Any CPU = Release|Any CPU
	EndGlobalSection
	GlobalSection(ProjectConfigurationPlatforms) = postSolution
		{22D8B836-F214-4491-B405-0D4BBAFD132C}.Debug|Any CPU.ActiveCfg = Debug|Any CPU
		{22D8B836-F214-4491-B405-0D4BBAFD132C}.Debug|Any CPU.Build.0 = Debug|Any CPU
		{22D8B836-F214-4491-B405-0D4BBAFD132C}.Release|Any CPU.ActiveCfg = Release|Any CPU
		{22D8B836-F214-4491-B405-0D4BBAFD132C}.Release|Any CPU.Build.0 = Release|Any CPU
		{7505C28B-A1C7-41E2-8A4C-26459E242FDC}.Debug|Any CPU.ActiveCfg = Debug|Any CPU
		{7505C28B-A1C7-41E2-8A4C-26459E242FDC}.Debug|Any CPU.Build.0 = Debug|Any CPU
		{7505C28B-A1C7-41E2-8A4C-26459E242FDC}.Release|Any CPU.ActiveCfg = Release|Any CPU
		{7505C28B-A1C7-41E2-8A4C-26459E242FDC}.Release|Any CPU.Build.0 = Release|Any CPU
		{F8F8DA70-59F7-434F-9C4D-03A31EBE16FB}.Debug|Any CPU.ActiveCfg = Debug|Any CPU
		{F8F8DA70-59F7-434F-9C4D-03A31EBE16FB}.Debug|Any CPU.Build.0 = Debug|Any CPU
		{F8F8DA70-59F7-434F-9C4D-03A31EBE16FB}.Release|Any CPU.ActiveCfg = Release|Any CPU
		{F8F8DA70-59F7-434F-9C4D-03A31EBE16FB}.Release|Any CPU.Build.0 = Release|Any CPU
		{46FB83FF-68CB-4880-B3AD-814075E0BCFD}.Debug|Any CPU.ActiveCfg = Debug|Any CPU
		{46FB83FF-68CB-4880-B3AD-814075E0BCFD}.Debug|Any CPU.Build.0 = Debug|Any CPU
		{46FB83FF-68CB-4880-B3AD-814075E0BCFD}.Release|Any CPU.ActiveCfg = Release|Any CPU
		{46FB83FF-68CB-4880-B3AD-814075E0BCFD}.Release|Any CPU.Build.0 = Release|Any CPU
		{5A2DF15F-4D8A-4193-BB5E-633B1C0772FB}.Debug|Any CPU.ActiveCfg = Debug|Any CPU
		{5A2DF15F-4D8A-4193-BB5E-633B1C0772FB}.Debug|Any CPU.Build.0 = Debug|Any CPU
		{5A2DF15F-4D8A-4193-BB5E-633B1C0772FB}.Release|Any CPU.ActiveCfg = Release|Any CPU
		{5A2DF15F-4D8A-4193-BB5E-633B1C0772FB}.Release|Any CPU.Build.0 = Release|Any CPU
		{AC96ADD6-BBBD-4E31-84C2-3260C8BD1534}.Debug|Any CPU.ActiveCfg = Debug|Any CPU
		{AC96ADD6-BBBD-4E31-84C2-3260C8BD1534}.Debug|Any CPU.Build.0 = Debug|Any CPU
		{AC96ADD6-BBBD-4E31-84C2-3260C8BD1534}.Release|Any CPU.ActiveCfg = Release|Any CPU
		{AC96ADD6-BBBD-4E31-84C2-3260C8BD1534}.Release|Any CPU.Build.0 = Release|Any CPU
		{73044E79-C1C4-4B71-B03F-9DD031469753}.Debug|Any CPU.ActiveCfg = Debug|Any CPU
		{73044E79-C1C4-4B71-B03F-9DD031469753}.Debug|Any CPU.Build.0 = Debug|Any CPU
		{73044E79-C1C4-4B71-B03F-9DD031469753}.Release|Any CPU.ActiveCfg = Release|Any CPU
		{73044E79-C1C4-4B71-B03F-9DD031469753}.Release|Any CPU.Build.0 = Release|Any CPU
		{D5A85BEB-6A52-445D-986F-0937BC7E43AA}.Debug|Any CPU.ActiveCfg = Debug|Any CPU
		{D5A85BEB-6A52-445D-986F-0937BC7E43AA}.Debug|Any CPU.Build.0 = Debug|Any CPU
		{D5A85BEB-6A52-445D-986F-0937BC7E43AA}.Release|Any CPU.ActiveCfg = Release|Any CPU
		{D5A85BEB-6A52-445D-986F-0937BC7E43AA}.Release|Any CPU.Build.0 = Release|Any CPU
		{692CF8FF-299C-4BBD-AE25-2B877460ED13}.Debug|Any CPU.ActiveCfg = Debug|Any CPU
		{692CF8FF-299C-4BBD-AE25-2B877460ED13}.Debug|Any CPU.Build.0 = Debug|Any CPU
		{692CF8FF-299C-4BBD-AE25-2B877460ED13}.Release|Any CPU.ActiveCfg = Release|Any CPU
		{692CF8FF-299C-4BBD-AE25-2B877460ED13}.Release|Any CPU.Build.0 = Release|Any CPU
	EndGlobalSection
	GlobalSection(SolutionProperties) = preSolution
		HideSolutionNode = FALSE
	EndGlobalSection
EndGlobal
